// !$*UTF8*$!
{
	archiveVersion = 1;
	classes = {
	};
	objectVersion = 46;
	objects = {

/* Begin PBXBuildFile section */
		ECD1BB871AE7189900AF49CD /* AppDelegate.m in Sources */ = {isa = PBXBuildFile; fileRef = ECD1BB861AE7189900AF49CD /* AppDelegate.m */; };
		ECD1BB891AE7189900AF49CD /* main.m in Sources */ = {isa = PBXBuildFile; fileRef = ECD1BB881AE7189900AF49CD /* main.m */; };
		ECD1BB8C1AE7189900AF49CD /* ViewController.m in Sources */ = {isa = PBXBuildFile; fileRef = ECD1BB8B1AE7189900AF49CD /* ViewController.m */; };
		ECD1BB8E1AE7189900AF49CD /* Images.xcassets in Resources */ = {isa = PBXBuildFile; fileRef = ECD1BB8D1AE7189900AF49CD /* Images.xcassets */; };
		ECD1BB911AE7189900AF49CD /* Main.storyboard in Resources */ = {isa = PBXBuildFile; fileRef = ECD1BB8F1AE7189900AF49CD /* Main.storyboard */; };
		ECD1BB9D1AE7189900AF49CD /* Career_ClustersTests.m in Sources */ = {isa = PBXBuildFile; fileRef = ECD1BB9C1AE7189900AF49CD /* Career_ClustersTests.m */; };
		ECD1BBA71AE719CC00AF49CD /* medium.png in Resources */ = {isa = PBXBuildFile; fileRef = ECD1BBA61AE719CC00AF49CD /* medium.png */; };
		ECD1BBA91AE71E2F00AF49CD /* WebKit.framework in Frameworks */ = {isa = PBXBuildFile; fileRef = ECD1BBA81AE71E2F00AF49CD /* WebKit.framework */; };
/* End PBXBuildFile section */

/* Begin PBXContainerItemProxy section */
		ECD1BB971AE7189900AF49CD /* PBXContainerItemProxy */ = {
			isa = PBXContainerItemProxy;
			containerPortal = ECD1BB781AE7189800AF49CD /* Project object */;
			proxyType = 1;
			remoteGlobalIDString = ECD1BB7F1AE7189800AF49CD;
			remoteInfo = "Career Clusters";
		};
/* End PBXContainerItemProxy section */

/* Begin PBXFileReference section */
		ECD1BB801AE7189800AF49CD /* Career Clusters.app */ = {isa = PBXFileReference; explicitFileType = wrapper.application; includeInIndex = 0; path = "Career Clusters.app"; sourceTree = BUILT_PRODUCTS_DIR; };
		ECD1BB841AE7189800AF49CD /* Info.plist */ = {isa = PBXFileReference; lastKnownFileType = text.plist.xml; path = Info.plist; sourceTree = "<group>"; };
		ECD1BB851AE7189800AF49CD /* AppDelegate.h */ = {isa = PBXFileReference; lastKnownFileType = sourcecode.c.h; path = AppDelegate.h; sourceTree = "<group>"; };
		ECD1BB861AE7189900AF49CD /* AppDelegate.m */ = {isa = PBXFileReference; lastKnownFileType = sourcecode.c.objc; path = AppDelegate.m; sourceTree = "<group>"; };
		ECD1BB881AE7189900AF49CD /* main.m */ = {isa = PBXFileReference; lastKnownFileType = sourcecode.c.objc; path = main.m; sourceTree = "<group>"; };
		ECD1BB8A1AE7189900AF49CD /* ViewController.h */ = {isa = PBXFileReference; lastKnownFileType = sourcecode.c.h; path = ViewController.h; sourceTree = "<group>"; };
		ECD1BB8B1AE7189900AF49CD /* ViewController.m */ = {isa = PBXFileReference; lastKnownFileType = sourcecode.c.objc; path = ViewController.m; sourceTree = "<group>"; };
		ECD1BB8D1AE7189900AF49CD /* Images.xcassets */ = {isa = PBXFileReference; lastKnownFileType = folder.assetcatalog; path = Images.xcassets; sourceTree = "<group>"; };
		ECD1BB901AE7189900AF49CD /* Base */ = {isa = PBXFileReference; lastKnownFileType = file.storyboard; name = Base; path = Base.lproj/Main.storyboard; sourceTree = "<group>"; };
		ECD1BB961AE7189900AF49CD /* Career ClustersTests.xctest */ = {isa = PBXFileReference; explicitFileType = wrapper.cfbundle; includeInIndex = 0; path = "Career ClustersTests.xctest"; sourceTree = BUILT_PRODUCTS_DIR; };
		ECD1BB9B1AE7189900AF49CD /* Info.plist */ = {isa = PBXFileReference; lastKnownFileType = text.plist.xml; path = Info.plist; sourceTree = "<group>"; };
		ECD1BB9C1AE7189900AF49CD /* Career_ClustersTests.m */ = {isa = PBXFileReference; lastKnownFileType = sourcecode.c.objc; path = Career_ClustersTests.m; sourceTree = "<group>"; };
		ECD1BBA61AE719CC00AF49CD /* medium.png */ = {isa = PBXFileReference; lastKnownFileType = image.png; path = medium.png; sourceTree = "<group>"; };
		ECD1BBA81AE71E2F00AF49CD /* WebKit.framework */ = {isa = PBXFileReference; lastKnownFileType = wrapper.framework; name = WebKit.framework; path = System/Library/Frameworks/WebKit.framework; sourceTree = SDKROOT; };
/* End PBXFileReference section */

/* Begin PBXFrameworksBuildPhase section */
		ECD1BB7D1AE7189800AF49CD /* Frameworks */ = {
			isa = PBXFrameworksBuildPhase;
			buildActionMask = 2147483647;
			files = (
				ECD1BBA91AE71E2F00AF49CD /* WebKit.framework in Frameworks */,
			);
			runOnlyForDeploymentPostprocessing = 0;
		};
		ECD1BB931AE7189900AF49CD /* Frameworks */ = {
			isa = PBXFrameworksBuildPhase;
			buildActionMask = 2147483647;
			files = (
			);
			runOnlyForDeploymentPostprocessing = 0;
		};
/* End PBXFrameworksBuildPhase section */

/* Begin PBXGroup section */
		ECD1BB771AE7189800AF49CD = {
			isa = PBXGroup;
			children = (
				ECD1BBA81AE71E2F00AF49CD /* WebKit.framework */,
				ECD1BB821AE7189800AF49CD /* Career Clusters */,
				ECD1BB991AE7189900AF49CD /* Career ClustersTests */,
				ECD1BB811AE7189800AF49CD /* Products */,
			);
			sourceTree = "<group>";
		};
		ECD1BB811AE7189800AF49CD /* Products */ = {
			isa = PBXGroup;
			children = (
				ECD1BB801AE7189800AF49CD /* Career Clusters.app */,
				ECD1BB961AE7189900AF49CD /* Career ClustersTests.xctest */,
			);
			name = Products;
			sourceTree = "<group>";
		};
		ECD1BB821AE7189800AF49CD /* Career Clusters */ = {
			isa = PBXGroup;
			children = (
				ECD1BB851AE7189800AF49CD /* AppDelegate.h */,
				ECD1BB861AE7189900AF49CD /* AppDelegate.m */,
				ECD1BB8A1AE7189900AF49CD /* ViewController.h */,
				ECD1BB8B1AE7189900AF49CD /* ViewController.m */,
				ECD1BB8D1AE7189900AF49CD /* Images.xcassets */,
				ECD1BB8F1AE7189900AF49CD /* Main.storyboard */,
				ECD1BB831AE7189800AF49CD /* Supporting Files */,
			);
			path = "Career Clusters";
			sourceTree = "<group>";
		};
		ECD1BB831AE7189800AF49CD /* Supporting Files */ = {
			isa = PBXGroup;
			children = (
				ECD1BBA61AE719CC00AF49CD /* medium.png */,
				ECD1BB841AE7189800AF49CD /* Info.plist */,
				ECD1BB881AE7189900AF49CD /* main.m */,
			);
			name = "Supporting Files";
			sourceTree = "<group>";
		};
		ECD1BB991AE7189900AF49CD /* Career ClustersTests */ = {
			isa = PBXGroup;
			children = (
				ECD1BB9C1AE7189900AF49CD /* Career_ClustersTests.m */,
				ECD1BB9A1AE7189900AF49CD /* Supporting Files */,
			);
			path = "Career ClustersTests";
			sourceTree = "<group>";
		};
		ECD1BB9A1AE7189900AF49CD /* Supporting Files */ = {
			isa = PBXGroup;
			children = (
				ECD1BB9B1AE7189900AF49CD /* Info.plist */,
			);
			name = "Supporting Files";
			sourceTree = "<group>";
		};
/* End PBXGroup section */

/* Begin PBXNativeTarget section */
		ECD1BB7F1AE7189800AF49CD /* Career Clusters */ = {
			isa = PBXNativeTarget;
			buildConfigurationList = ECD1BBA01AE7189900AF49CD /* Build configuration list for PBXNativeTarget "Career Clusters" */;
			buildPhases = (
				ECD1BB7C1AE7189800AF49CD /* Sources */,
				ECD1BB7D1AE7189800AF49CD /* Frameworks */,
				ECD1BB7E1AE7189800AF49CD /* Resources */,
			);
			buildRules = (
			);
			dependencies = (
			);
			name = "Career Clusters";
			productName = "Career Clusters";
			productReference = ECD1BB801AE7189800AF49CD /* Career Clusters.app */;
			productType = "com.apple.product-type.application";
		};
		ECD1BB951AE7189900AF49CD /* Career ClustersTests */ = {
			isa = PBXNativeTarget;
			buildConfigurationList = ECD1BBA31AE7189900AF49CD /* Build configuration list for PBXNativeTarget "Career ClustersTests" */;
			buildPhases = (
				ECD1BB921AE7189900AF49CD /* Sources */,
				ECD1BB931AE7189900AF49CD /* Frameworks */,
				ECD1BB941AE7189900AF49CD /* Resources */,
			);
			buildRules = (
			);
			dependencies = (
				ECD1BB981AE7189900AF49CD /* PBXTargetDependency */,
			);
			name = "Career ClustersTests";
			productName = "Career ClustersTests";
			productReference = ECD1BB961AE7189900AF49CD /* Career ClustersTests.xctest */;
			productType = "com.apple.product-type.bundle.unit-test";
		};
/* End PBXNativeTarget section */

/* Begin PBXProject section */
		ECD1BB781AE7189800AF49CD /* Project object */ = {
			isa = PBXProject;
			attributes = {
				LastUpgradeCheck = 0610;
				ORGANIZATIONNAME = "Henry Mound";
				TargetAttributes = {
					ECD1BB7F1AE7189800AF49CD = {
						CreatedOnToolsVersion = 6.1.1;
					};
					ECD1BB951AE7189900AF49CD = {
						CreatedOnToolsVersion = 6.1.1;
						TestTargetID = ECD1BB7F1AE7189800AF49CD;
					};
				};
			};
			buildConfigurationList = ECD1BB7B1AE7189800AF49CD /* Build configuration list for PBXProject "Career Clusters" */;
			compatibilityVersion = "Xcode 3.2";
			developmentRegion = English;
			hasScannedForEncodings = 0;
			knownRegions = (
				en,
				Base,
			);
			mainGroup = ECD1BB771AE7189800AF49CD;
			productRefGroup = ECD1BB811AE7189800AF49CD /* Products */;
			projectDirPath = "";
			projectRoot = "";
			targets = (
				ECD1BB7F1AE7189800AF49CD /* Career Clusters */,
				ECD1BB951AE7189900AF49CD /* Career ClustersTests */,
			);
		};
/* End PBXProject section */

/* Begin PBXResourcesBuildPhase section */
		ECD1BB7E1AE7189800AF49CD /* Resources */ = {
			isa = PBXResourcesBuildPhase;
			buildActionMask = 2147483647;
			files = (
				ECD1BBA71AE719CC00AF49CD /* medium.png in Resources */,
				ECD1BB8E1AE7189900AF49CD /* Images.xcassets in Resources */,
				ECD1BB911AE7189900AF49CD /* Main.storyboard in Resources */,
			);
			runOnlyForDeploymentPostprocessing = 0;
		};
		ECD1BB941AE7189900AF49CD /* Resources */ = {
			isa = PBXResourcesBuildPhase;
			buildActionMask = 2147483647;
			files = (
			);
			runOnlyForDeploymentPostprocessing = 0;
		};
/* End PBXResourcesBuildPhase section */

/* Begin PBXSourcesBuildPhase section */
		ECD1BB7C1AE7189800AF49CD /* Sources */ = {
			isa = PBXSourcesBuildPhase;
			buildActionMask = 2147483647;
			files = (
				ECD1BB8C1AE7189900AF49CD /* ViewController.m in Sources */,
				ECD1BB891AE7189900AF49CD /* main.m in Sources */,
				ECD1BB871AE7189900AF49CD /* AppDelegate.m in Sources */,
			);
			runOnlyForDeploymentPostprocessing = 0;
		};
		ECD1BB921AE7189900AF49CD /* Sources */ = {
			isa = PBXSourcesBuildPhase;
			buildActionMask = 2147483647;
			files = (
				ECD1BB9D1AE7189900AF49CD /* Career_ClustersTests.m in Sources */,
			);
			runOnlyForDeploymentPostprocessing = 0;
		};
/* End PBXSourcesBuildPhase section */

/* Begin PBXTargetDependency section */
		ECD1BB981AE7189900AF49CD /* PBXTargetDependency */ = {
			isa = PBXTargetDependency;
			target = ECD1BB7F1AE7189800AF49CD /* Career Clusters */;
			targetProxy = ECD1BB971AE7189900AF49CD /* PBXContainerItemProxy */;
		};
/* End PBXTargetDependency section */

/* Begin PBXVariantGroup section */
		ECD1BB8F1AE7189900AF49CD /* Main.storyboard */ = {
			isa = PBXVariantGroup;
			children = (
				ECD1BB901AE7189900AF49CD /* Base */,
			);
			name = Main.storyboard;
			sourceTree = "<group>";
		};
/* End PBXVariantGroup section */

/* Begin XCBuildConfiguration section */
		ECD1BB9E1AE7189900AF49CD /* Debug */ = {
			isa = XCBuildConfiguration;
			buildSettings = {
				ALWAYS_SEARCH_USER_PATHS = NO;
				CLANG_CXX_LANGUAGE_STANDARD = "gnu++0x";
				CLANG_CXX_LIBRARY = "libc++";
				CLANG_ENABLE_MODULES = YES;
				CLANG_ENABLE_OBJC_ARC = YES;
				CLANG_WARN_BOOL_CONVERSION = YES;
				CLANG_WARN_CONSTANT_CONVERSION = YES;
				CLANG_WARN_DIRECT_OBJC_ISA_USAGE = YES_ERROR;
				CLANG_WARN_EMPTY_BODY = YES;
				CLANG_WARN_ENUM_CONVERSION = YES;
				CLANG_WARN_INT_CONVERSION = YES;
				CLANG_WARN_OBJC_ROOT_CLASS = YES_ERROR;
				CLANG_WARN_UNREACHABLE_CODE = YES;
				CLANG_WARN__DUPLICATE_METHOD_MATCH = YES;
				CODE_SIGN_IDENTITY = "-";
				COPY_PHASE_STRIP = NO;
				ENABLE_STRICT_OBJC_MSGSEND = YES;
				GCC_C_LANGUAGE_STANDARD = gnu99;
				GCC_DYNAMIC_NO_PIC = NO;
				GCC_OPTIMIZATION_LEVEL = 0;
				GCC_PREPROCESSOR_DEFINITIONS = (
					"DEBUG=1",
					"$(inherited)",
				);
				GCC_SYMBOLS_PRIVATE_EXTERN = NO;
				GCC_WARN_64_TO_32_BIT_CONVERSION = YES;
				GCC_WARN_ABOUT_RETURN_TYPE = YES_ERROR;
				GCC_WARN_UNDECLARED_SELECTOR = YES;
				GCC_WARN_UNINITIALIZED_AUTOS = YES_AGGRESSIVE;
				GCC_WARN_UNUSED_FUNCTION = YES;
				GCC_WARN_UNUSED_VARIABLE = YES;
				MACOSX_DEPLOYMENT_TARGET = 10.10;
				MTL_ENABLE_DEBUG_INFO = YES;
				ONLY_ACTIVE_ARCH = YES;
				SDKROOT = macosx;
			};
			name = Debug;
		};
		ECD1BB9F1AE7189900AF49CD /* Release */ = {
			isa = XCBuildConfiguration;
			buildSettings = {
				ALWAYS_SEARCH_USER_PATHS = NO;
				CLANG_CXX_LANGUAGE_STANDARD = "gnu++0x";
				CLANG_CXX_LIBRARY = "libc++";
				CLANG_ENABLE_MODULES = YES;
				CLANG_ENABLE_OBJC_ARC = YES;
				CLANG_WARN_BOOL_CONVERSION = YES;
				CLANG_WARN_CONSTANT_CONVERSION = YES;
				CLANG_WARN_DIRECT_OBJC_ISA_USAGE = YES_ERROR;
				CLANG_WARN_EMPTY_BODY = YES;
				CLANG_WARN_ENUM_CONVERSION = YES;
				CLANG_WARN_INT_CONVERSION = YES;
				CLANG_WARN_OBJC_ROOT_CLASS = YES_ERROR;
				CLANG_WARN_UNREACHABLE_CODE = YES;
				CLANG_WARN__DUPLICATE_METHOD_MATCH = YES;
				CODE_SIGN_IDENTITY = "-";
				COPY_PHASE_STRIP = YES;
				DEBUG_INFORMATION_FORMAT = "dwarf-with-dsym";
				ENABLE_NS_ASSERTIONS = NO;
				ENABLE_STRICT_OBJC_MSGSEND = YES;
				GCC_C_LANGUAGE_STANDARD = gnu99;
				GCC_WARN_64_TO_32_BIT_CONVERSION = YES;
				GCC_WARN_ABOUT_RETURN_TYPE = YES_ERROR;
				GCC_WARN_UNDECLARED_SELECTOR = YES;
				GCC_WARN_UNINITIALIZED_AUTOS = YES_AGGRESSIVE;
				GCC_WARN_UNUSED_FUNCTION = YES;
				GCC_WARN_UNUSED_VARIABLE = YES;
				MACOSX_DEPLOYMENT_TARGET = 10.10;
				MTL_ENABLE_DEBUG_INFO = NO;
				SDKROOT = macosx;
			};
			name = Release;
		};
		ECD1BBA11AE7189900AF49CD /* Debug */ = {
			isa = XCBuildConfiguration;
			buildSettings = {
				ASSETCATALOG_COMPILER_APPICON_NAME = AppIcon;
				COMBINE_HIDPI_IMAGES = YES;
				INFOPLIST_FILE = "Career Clusters/Info.plist";
				LD_RUNPATH_SEARCH_PATHS = "$(inherited) @executable_path/../Frameworks";
				PRODUCT_NAME = "$(TARGET_NAME)";
			};
			name = Debug;
		};
		ECD1BBA21AE7189900AF49CD /* Release */ = {
			isa = XCBuildConfiguration;
			buildSettings = {
				ASSETCATALOG_COMPILER_APPICON_NAME = AppIcon;
				COMBINE_HIDPI_IMAGES = YES;
				INFOPLIST_FILE = "Career Clusters/Info.plist";
				LD_RUNPATH_SEARCH_PATHS = "$(inherited) @executable_path/../Frameworks";
				PRODUCT_NAME = "$(TARGET_NAME)";
			};
			name = Release;
		};
		ECD1BBA41AE7189900AF49CD /* Debug */ = {
			isa = XCBuildConfiguration;
			buildSettings = {
				BUNDLE_LOADER = "$(TEST_HOST)";
				COMBINE_HIDPI_IMAGES = YES;
				FRAMEWORK_SEARCH_PATHS = (
					"$(DEVELOPER_FRAMEWORKS_DIR)",
					"$(inherited)",
				);
				GCC_PREPROCESSOR_DEFINITIONS = (
					"DEBUG=1",
					"$(inherited)",
				);
				INFOPLIST_FILE = "Career ClustersTests/Info.plist";
				LD_RUNPATH_SEARCH_PATHS = "$(inherited) @executable_path/../Frameworks @loader_path/../Frameworks";
				PRODUCT_NAME = "$(TARGET_NAME)";
				TEST_HOST = "$(BUILT_PRODUCTS_DIR)/Career Clusters.app/Contents/MacOS/Career Clusters";
			};
			name = Debug;
		};
		ECD1BBA51AE7189900AF49CD /* Release */ = {
			isa = XCBuildConfiguration;
			buildSettings = {
				BUNDLE_LOADER = "$(TEST_HOST)";
				COMBINE_HIDPI_IMAGES = YES;
				FRAMEWORK_SEARCH_PATHS = (
					"$(DEVELOPER_FRAMEWORKS_DIR)",
					"$(inherited)",
				);
				INFOPLIST_FILE = "Career ClustersTests/Info.plist";
				LD_RUNPATH_SEARCH_PATHS = "$(inherited) @executable_path/../Frameworks @loader_path/../Frameworks";
				PRODUCT_NAME = "$(TARGET_NAME)";
				TEST_HOST = "$(BUILT_PRODUCTS_DIR)/Career Clusters.app/Contents/MacOS/Career Clusters";
			};
			name = Release;
		};
/* End XCBuildConfiguration section */

/* Begin XCConfigurationList section */
		ECD1BB7B1AE7189800AF49CD /* Build configuration list for PBXProject "Career Clusters" */ = {
			isa = XCConfigurationList;
			buildConfigurations = (
				ECD1BB9E1AE7189900AF49CD /* Debug */,
				ECD1BB9F1AE7189900AF49CD /* Release */,
			);
			defaultConfigurationIsVisible = 0;
			defaultConfigurationName = Release;
		};
		ECD1BBA01AE7189900AF49CD /* Build configuration list for PBXNativeTarget "Career Clusters" */ = {
			isa = XCConfigurationList;
			buildConfigurations = (
				ECD1BBA11AE7189900AF49CD /* Debug */,
				ECD1BBA21AE7189900AF49CD /* Release */,
			);
			defaultConfigurationIsVisible = 0;
		};
		ECD1BBA31AE7189900AF49CD /* Build configuration list for PBXNativeTarget "Career ClustersTests" */ = {
			isa = XCConfigurationList;
			buildConfigurations = (
				ECD1BBA41AE7189900AF49CD /* Debug */,
				ECD1BBA51AE7189900AF49CD /* Release */,
			);
			defaultConfigurationIsVisible = 0;
		};
/* End XCConfigurationList section */
	};
	rootObject = ECD1BB781AE7189800AF49CD /* Project object */;
}
